// !$*UTF8*$!
{
	archiveVersion = 1;
	classes = {
	};
	objectVersion = 48;
	objects = {

/* Begin PBXBuildFile section */
		E55D3ECF20E0332200ACBF23 /* AppDelegate.swift in Sources */ = {isa = PBXBuildFile; fileRef = E55D3ECE20E0332200ACBF23 /* AppDelegate.swift */; };
		E55D3ED120E0332200ACBF23 /* ViewController.swift in Sources */ = {isa = PBXBuildFile; fileRef = E55D3ED020E0332200ACBF23 /* ViewController.swift */; };
		E55D3ED420E0332200ACBF23 /* Main.storyboard in Resources */ = {isa = PBXBuildFile; fileRef = E55D3ED220E0332200ACBF23 /* Main.storyboard */; };
		E55D3ED620E0332200ACBF23 /* Assets.xcassets in Resources */ = {isa = PBXBuildFile; fileRef = E55D3ED520E0332200ACBF23 /* Assets.xcassets */; };
		E55D3ED920E0332200ACBF23 /* LaunchScreen.storyboard in Resources */ = {isa = PBXBuildFile; fileRef = E55D3ED720E0332200ACBF23 /* LaunchScreen.storyboard */; };
		E55D3EE420E0332200ACBF23 /* BoazTests.swift in Sources */ = {isa = PBXBuildFile; fileRef = E55D3EE320E0332200ACBF23 /* BoazTests.swift */; };
		E55D3EEF20E0332300ACBF23 /* BoazUITests.swift in Sources */ = {isa = PBXBuildFile; fileRef = E55D3EEE20E0332300ACBF23 /* BoazUITests.swift */; };
		E55D3EFD20E035C100ACBF23 /* Piece.swift in Sources */ = {isa = PBXBuildFile; fileRef = E55D3EFC20E035C100ACBF23 /* Piece.swift */; };
		E55D3EFF20E03A9700ACBF23 /* Pawn.swift in Sources */ = {isa = PBXBuildFile; fileRef = E55D3EFE20E03A9700ACBF23 /* Pawn.swift */; };
		E55D3F0120E03C5B00ACBF23 /* Knight.swift in Sources */ = {isa = PBXBuildFile; fileRef = E55D3F0020E03C5B00ACBF23 /* Knight.swift */; };
		E55D3F0320E03C6C00ACBF23 /* Queen.swift in Sources */ = {isa = PBXBuildFile; fileRef = E55D3F0220E03C6C00ACBF23 /* Queen.swift */; };
		E55D3F0520E03C7C00ACBF23 /* King.swift in Sources */ = {isa = PBXBuildFile; fileRef = E55D3F0420E03C7C00ACBF23 /* King.swift */; };
		E55D3F0720E03C8D00ACBF23 /* Rook.swift in Sources */ = {isa = PBXBuildFile; fileRef = E55D3F0620E03C8D00ACBF23 /* Rook.swift */; };
		E55D3F0920E03D3100ACBF23 /* Bishop.swift in Sources */ = {isa = PBXBuildFile; fileRef = E55D3F0820E03D3100ACBF23 /* Bishop.swift */; };
		E55D3F0B20E03E2A00ACBF23 /* Dummy.swift in Sources */ = {isa = PBXBuildFile; fileRef = E55D3F0A20E03E2A00ACBF23 /* Dummy.swift */; };
		E55D3F0D20E03EA100ACBF23 /* ChessGame.swift in Sources */ = {isa = PBXBuildFile; fileRef = E55D3F0C20E03EA100ACBF23 /* ChessGame.swift */; };
		E55D3F0F20E03EAD00ACBF23 /* ChessBoard.swift in Sources */ = {isa = PBXBuildFile; fileRef = E55D3F0E20E03EAD00ACBF23 /* ChessBoard.swift */; };
		E55D3F1120E03EF400ACBF23 /* ExtensionUIChessPiece.swift in Sources */ = {isa = PBXBuildFile; fileRef = E55D3F1020E03EF400ACBF23 /* ExtensionUIChessPiece.swift */; };
		E55D3F1320E03FDA00ACBF23 /* BoardIndex.swift in Sources */ = {isa = PBXBuildFile; fileRef = E55D3F1220E03FDA00ACBF23 /* BoardIndex.swift */; };
		E55D3F1520E0401700ACBF23 /* StartScreen.swift in Sources */ = {isa = PBXBuildFile; fileRef = E55D3F1420E0401700ACBF23 /* StartScreen.swift */; };
/* End PBXBuildFile section */

/* Begin PBXContainerItemProxy section */
		E55D3EE020E0332200ACBF23 /* PBXContainerItemProxy */ = {
			isa = PBXContainerItemProxy;
			containerPortal = E55D3EC320E0332200ACBF23 /* Project object */;
			proxyType = 1;
			remoteGlobalIDString = E55D3ECA20E0332200ACBF23;
			remoteInfo = Boaz;
		};
		E55D3EEB20E0332200ACBF23 /* PBXContainerItemProxy */ = {
			isa = PBXContainerItemProxy;
			containerPortal = E55D3EC320E0332200ACBF23 /* Project object */;
			proxyType = 1;
			remoteGlobalIDString = E55D3ECA20E0332200ACBF23;
			remoteInfo = Boaz;
		};
/* End PBXContainerItemProxy section */

/* Begin PBXFileReference section */
		E55D3ECB20E0332200ACBF23 /* Boaz.app */ = {isa = PBXFileReference; explicitFileType = wrapper.application; includeInIndex = 0; path = Boaz.app; sourceTree = BUILT_PRODUCTS_DIR; };
		E55D3ECE20E0332200ACBF23 /* AppDelegate.swift */ = {isa = PBXFileReference; lastKnownFileType = sourcecode.swift; path = AppDelegate.swift; sourceTree = "<group>"; };
		E55D3ED020E0332200ACBF23 /* ViewController.swift */ = {isa = PBXFileReference; lastKnownFileType = sourcecode.swift; path = ViewController.swift; sourceTree = "<group>"; };
		E55D3ED320E0332200ACBF23 /* Base */ = {isa = PBXFileReference; lastKnownFileType = file.storyboard; name = Base; path = Base.lproj/Main.storyboard; sourceTree = "<group>"; };
		E55D3ED520E0332200ACBF23 /* Assets.xcassets */ = {isa = PBXFileReference; lastKnownFileType = folder.assetcatalog; path = Assets.xcassets; sourceTree = "<group>"; };
		E55D3ED820E0332200ACBF23 /* Base */ = {isa = PBXFileReference; lastKnownFileType = file.storyboard; name = Base; path = Base.lproj/LaunchScreen.storyboard; sourceTree = "<group>"; };
		E55D3EDA20E0332200ACBF23 /* Info.plist */ = {isa = PBXFileReference; lastKnownFileType = text.plist.xml; path = Info.plist; sourceTree = "<group>"; };
		E55D3EDF20E0332200ACBF23 /* BoazTests.xctest */ = {isa = PBXFileReference; explicitFileType = wrapper.cfbundle; includeInIndex = 0; path = BoazTests.xctest; sourceTree = BUILT_PRODUCTS_DIR; };
		E55D3EE320E0332200ACBF23 /* BoazTests.swift */ = {isa = PBXFileReference; lastKnownFileType = sourcecode.swift; path = BoazTests.swift; sourceTree = "<group>"; };
		E55D3EE520E0332200ACBF23 /* Info.plist */ = {isa = PBXFileReference; lastKnownFileType = text.plist.xml; path = Info.plist; sourceTree = "<group>"; };
		E55D3EEA20E0332200ACBF23 /* BoazUITests.xctest */ = {isa = PBXFileReference; explicitFileType = wrapper.cfbundle; includeInIndex = 0; path = BoazUITests.xctest; sourceTree = BUILT_PRODUCTS_DIR; };
		E55D3EEE20E0332300ACBF23 /* BoazUITests.swift */ = {isa = PBXFileReference; lastKnownFileType = sourcecode.swift; path = BoazUITests.swift; sourceTree = "<group>"; };
		E55D3EF020E0332300ACBF23 /* Info.plist */ = {isa = PBXFileReference; lastKnownFileType = text.plist.xml; path = Info.plist; sourceTree = "<group>"; };
		E55D3EFC20E035C100ACBF23 /* Piece.swift */ = {isa = PBXFileReference; lastKnownFileType = sourcecode.swift; path = Piece.swift; sourceTree = "<group>"; };
		E55D3EFE20E03A9700ACBF23 /* Pawn.swift */ = {isa = PBXFileReference; lastKnownFileType = sourcecode.swift; path = Pawn.swift; sourceTree = "<group>"; };
		E55D3F0020E03C5B00ACBF23 /* Knight.swift */ = {isa = PBXFileReference; lastKnownFileType = sourcecode.swift; path = Knight.swift; sourceTree = "<group>"; };
		E55D3F0220E03C6C00ACBF23 /* Queen.swift */ = {isa = PBXFileReference; lastKnownFileType = sourcecode.swift; path = Queen.swift; sourceTree = "<group>"; };
		E55D3F0420E03C7C00ACBF23 /* King.swift */ = {isa = PBXFileReference; lastKnownFileType = sourcecode.swift; path = King.swift; sourceTree = "<group>"; };
		E55D3F0620E03C8D00ACBF23 /* Rook.swift */ = {isa = PBXFileReference; lastKnownFileType = sourcecode.swift; path = Rook.swift; sourceTree = "<group>"; };
		E55D3F0820E03D3100ACBF23 /* Bishop.swift */ = {isa = PBXFileReference; lastKnownFileType = sourcecode.swift; path = Bishop.swift; sourceTree = "<group>"; };
		E55D3F0A20E03E2A00ACBF23 /* Dummy.swift */ = {isa = PBXFileReference; lastKnownFileType = sourcecode.swift; path = Dummy.swift; sourceTree = "<group>"; };
		E55D3F0C20E03EA100ACBF23 /* ChessGame.swift */ = {isa = PBXFileReference; lastKnownFileType = sourcecode.swift; path = ChessGame.swift; sourceTree = "<group>"; };
		E55D3F0E20E03EAD00ACBF23 /* ChessBoard.swift */ = {isa = PBXFileReference; lastKnownFileType = sourcecode.swift; path = ChessBoard.swift; sourceTree = "<group>"; };
		E55D3F1020E03EF400ACBF23 /* ExtensionUIChessPiece.swift */ = {isa = PBXFileReference; lastKnownFileType = sourcecode.swift; path = ExtensionUIChessPiece.swift; sourceTree = "<group>"; };
		E55D3F1220E03FDA00ACBF23 /* BoardIndex.swift */ = {isa = PBXFileReference; lastKnownFileType = sourcecode.swift; path = BoardIndex.swift; sourceTree = "<group>"; };
		E55D3F1420E0401700ACBF23 /* StartScreen.swift */ = {isa = PBXFileReference; lastKnownFileType = sourcecode.swift; path = StartScreen.swift; sourceTree = "<group>"; };
/* End PBXFileReference section */

/* Begin PBXFrameworksBuildPhase section */
		E55D3EC820E0332200ACBF23 /* Frameworks */ = {
			isa = PBXFrameworksBuildPhase;
			buildActionMask = 2147483647;
			files = (
			);
			runOnlyForDeploymentPostprocessing = 0;
		};
		E55D3EDC20E0332200ACBF23 /* Frameworks */ = {
			isa = PBXFrameworksBuildPhase;
			buildActionMask = 2147483647;
			files = (
			);
			runOnlyForDeploymentPostprocessing = 0;
		};
		E55D3EE720E0332200ACBF23 /* Frameworks */ = {
			isa = PBXFrameworksBuildPhase;
			buildActionMask = 2147483647;
			files = (
			);
			runOnlyForDeploymentPostprocessing = 0;
		};
/* End PBXFrameworksBuildPhase section */

/* Begin PBXGroup section */
		E55D3EC220E0332200ACBF23 = {
			isa = PBXGroup;
			children = (
				E55D3ECD20E0332200ACBF23 /* Boaz */,
				E55D3EE220E0332200ACBF23 /* BoazTests */,
				E55D3EED20E0332300ACBF23 /* BoazUITests */,
				E55D3ECC20E0332200ACBF23 /* Products */,
			);
			sourceTree = "<group>";
		};
		E55D3ECC20E0332200ACBF23 /* Products */ = {
			isa = PBXGroup;
			children = (
				E55D3ECB20E0332200ACBF23 /* Boaz.app */,
				E55D3EDF20E0332200ACBF23 /* BoazTests.xctest */,
				E55D3EEA20E0332200ACBF23 /* BoazUITests.xctest */,
			);
			name = Products;
			sourceTree = "<group>";
		};
		E55D3ECD20E0332200ACBF23 /* Boaz */ = {
			isa = PBXGroup;
			children = (
				E55D3ECE20E0332200ACBF23 /* AppDelegate.swift */,
				E55D3ED020E0332200ACBF23 /* ViewController.swift */,
				E55D3EFC20E035C100ACBF23 /* Piece.swift */,
				E55D3EFE20E03A9700ACBF23 /* Pawn.swift */,
				E55D3F0020E03C5B00ACBF23 /* Knight.swift */,
				E55D3F0220E03C6C00ACBF23 /* Queen.swift */,
				E55D3F0420E03C7C00ACBF23 /* King.swift */,
				E55D3F0620E03C8D00ACBF23 /* Rook.swift */,
				E55D3F0820E03D3100ACBF23 /* Bishop.swift */,
				E55D3F0A20E03E2A00ACBF23 /* Dummy.swift */,
				E55D3F0C20E03EA100ACBF23 /* ChessGame.swift */,
				E55D3F0E20E03EAD00ACBF23 /* ChessBoard.swift */,
				E55D3F1020E03EF400ACBF23 /* ExtensionUIChessPiece.swift */,
				E55D3F1220E03FDA00ACBF23 /* BoardIndex.swift */,
				E55D3F1420E0401700ACBF23 /* StartScreen.swift */,
				E55D3ED220E0332200ACBF23 /* Main.storyboard */,
				E55D3ED520E0332200ACBF23 /* Assets.xcassets */,
				E55D3ED720E0332200ACBF23 /* LaunchScreen.storyboard */,
				E55D3EDA20E0332200ACBF23 /* Info.plist */,
			);
			path = Boaz;
			sourceTree = "<group>";
		};
		E55D3EE220E0332200ACBF23 /* BoazTests */ = {
			isa = PBXGroup;
			children = (
				E55D3EE320E0332200ACBF23 /* BoazTests.swift */,
				E55D3EE520E0332200ACBF23 /* Info.plist */,
			);
			path = BoazTests;
			sourceTree = "<group>";
		};
		E55D3EED20E0332300ACBF23 /* BoazUITests */ = {
			isa = PBXGroup;
			children = (
				E55D3EEE20E0332300ACBF23 /* BoazUITests.swift */,
				E55D3EF020E0332300ACBF23 /* Info.plist */,
			);
			path = BoazUITests;
			sourceTree = "<group>";
		};
/* End PBXGroup section */

/* Begin PBXNativeTarget section */
		E55D3ECA20E0332200ACBF23 /* Boaz */ = {
			isa = PBXNativeTarget;
			buildConfigurationList = E55D3EF320E0332300ACBF23 /* Build configuration list for PBXNativeTarget "Boaz" */;
			buildPhases = (
				E55D3EC720E0332200ACBF23 /* Sources */,
				E55D3EC820E0332200ACBF23 /* Frameworks */,
				E55D3EC920E0332200ACBF23 /* Resources */,
			);
			buildRules = (
			);
			dependencies = (
			);
			name = Boaz;
			productName = Boaz;
			productReference = E55D3ECB20E0332200ACBF23 /* Boaz.app */;
			productType = "com.apple.product-type.application";
		};
		E55D3EDE20E0332200ACBF23 /* BoazTests */ = {
			isa = PBXNativeTarget;
			buildConfigurationList = E55D3EF620E0332300ACBF23 /* Build configuration list for PBXNativeTarget "BoazTests" */;
			buildPhases = (
				E55D3EDB20E0332200ACBF23 /* Sources */,
				E55D3EDC20E0332200ACBF23 /* Frameworks */,
				E55D3EDD20E0332200ACBF23 /* Resources */,
			);
			buildRules = (
			);
			dependencies = (
				E55D3EE120E0332200ACBF23 /* PBXTargetDependency */,
			);
			name = BoazTests;
			productName = BoazTests;
			productReference = E55D3EDF20E0332200ACBF23 /* BoazTests.xctest */;
			productType = "com.apple.product-type.bundle.unit-test";
		};
		E55D3EE920E0332200ACBF23 /* BoazUITests */ = {
			isa = PBXNativeTarget;
			buildConfigurationList = E55D3EF920E0332300ACBF23 /* Build configuration list for PBXNativeTarget "BoazUITests" */;
			buildPhases = (
				E55D3EE620E0332200ACBF23 /* Sources */,
				E55D3EE720E0332200ACBF23 /* Frameworks */,
				E55D3EE820E0332200ACBF23 /* Resources */,
			);
			buildRules = (
			);
			dependencies = (
				E55D3EEC20E0332200ACBF23 /* PBXTargetDependency */,
			);
			name = BoazUITests;
			productName = BoazUITests;
			productReference = E55D3EEA20E0332200ACBF23 /* BoazUITests.xctest */;
			productType = "com.apple.product-type.bundle.ui-testing";
		};
/* End PBXNativeTarget section */

/* Begin PBXProject section */
		E55D3EC320E0332200ACBF23 /* Project object */ = {
			isa = PBXProject;
			attributes = {
				LastSwiftUpdateCheck = 0920;
				LastUpgradeCheck = 0920;
				ORGANIZATIONNAME = "\U0010Cortland Walker";
				TargetAttributes = {
					E55D3ECA20E0332200ACBF23 = {
						CreatedOnToolsVersion = 9.2;
						ProvisioningStyle = Automatic;
					};
					E55D3EDE20E0332200ACBF23 = {
						CreatedOnToolsVersion = 9.2;
						ProvisioningStyle = Automatic;
						TestTargetID = E55D3ECA20E0332200ACBF23;
					};
					E55D3EE920E0332200ACBF23 = {
						CreatedOnToolsVersion = 9.2;
						ProvisioningStyle = Automatic;
						TestTargetID = E55D3ECA20E0332200ACBF23;
					};
				};
			};
			buildConfigurationList = E55D3EC620E0332200ACBF23 /* Build configuration list for PBXProject "Boaz" */;
			compatibilityVersion = "Xcode 8.0";
			developmentRegion = en;
			hasScannedForEncodings = 0;
			knownRegions = (
				en,
				Base,
			);
			mainGroup = E55D3EC220E0332200ACBF23;
			productRefGroup = E55D3ECC20E0332200ACBF23 /* Products */;
			projectDirPath = "";
			projectRoot = "";
			targets = (
				E55D3ECA20E0332200ACBF23 /* Boaz */,
				E55D3EDE20E0332200ACBF23 /* BoazTests */,
				E55D3EE920E0332200ACBF23 /* BoazUITests */,
			);
		};
/* End PBXProject section */

/* Begin PBXResourcesBuildPhase section */
		E55D3EC920E0332200ACBF23 /* Resources */ = {
			isa = PBXResourcesBuildPhase;
			buildActionMask = 2147483647;
			files = (
				E55D3ED920E0332200ACBF23 /* LaunchScreen.storyboard in Resources */,
				E55D3ED620E0332200ACBF23 /* Assets.xcassets in Resources */,
				E55D3ED420E0332200ACBF23 /* Main.storyboard in Resources */,
			);
			runOnlyForDeploymentPostprocessing = 0;
		};
		E55D3EDD20E0332200ACBF23 /* Resources */ = {
			isa = PBXResourcesBuildPhase;
			buildActionMask = 2147483647;
			files = (
			);
			runOnlyForDeploymentPostprocessing = 0;
		};
		E55D3EE820E0332200ACBF23 /* Resources */ = {
			isa = PBXResourcesBuildPhase;
			buildActionMask = 2147483647;
			files = (
			);
			runOnlyForDeploymentPostprocessing = 0;
		};
/* End PBXResourcesBuildPhase section */

/* Begin PBXSourcesBuildPhase section */
		E55D3EC720E0332200ACBF23 /* Sources */ = {
			isa = PBXSourcesBuildPhase;
			buildActionMask = 2147483647;
			files = (
				E55D3F0720E03C8D00ACBF23 /* Rook.swift in Sources */,
				E55D3F0F20E03EAD00ACBF23 /* ChessBoard.swift in Sources */,
				E55D3F1520E0401700ACBF23 /* StartScreen.swift in Sources */,
				E55D3F0320E03C6C00ACBF23 /* Queen.swift in Sources */,
				E55D3F0B20E03E2A00ACBF23 /* Dummy.swift in Sources */,
				E55D3ED120E0332200ACBF23 /* ViewController.swift in Sources */,
				E55D3F0D20E03EA100ACBF23 /* ChessGame.swift in Sources */,
				E55D3F1120E03EF400ACBF23 /* ExtensionUIChessPiece.swift in Sources */,
				E55D3ECF20E0332200ACBF23 /* AppDelegate.swift in Sources */,
				E55D3EFD20E035C100ACBF23 /* Piece.swift in Sources */,
				E55D3F1320E03FDA00ACBF23 /* BoardIndex.swift in Sources */,
				E55D3F0920E03D3100ACBF23 /* Bishop.swift in Sources */,
				E55D3EFF20E03A9700ACBF23 /* Pawn.swift in Sources */,
				E55D3F0120E03C5B00ACBF23 /* Knight.swift in Sources */,
				E55D3F0520E03C7C00ACBF23 /* King.swift in Sources */,
			);
			runOnlyForDeploymentPostprocessing = 0;
		};
		E55D3EDB20E0332200ACBF23 /* Sources */ = {
			isa = PBXSourcesBuildPhase;
			buildActionMask = 2147483647;
			files = (
				E55D3EE420E0332200ACBF23 /* BoazTests.swift in Sources */,
			);
			runOnlyForDeploymentPostprocessing = 0;
		};
		E55D3EE620E0332200ACBF23 /* Sources */ = {
			isa = PBXSourcesBuildPhase;
			buildActionMask = 2147483647;
			files = (
				E55D3EEF20E0332300ACBF23 /* BoazUITests.swift in Sources */,
			);
			runOnlyForDeploymentPostprocessing = 0;
		};
/* End PBXSourcesBuildPhase section */

/* Begin PBXTargetDependency section */
		E55D3EE120E0332200ACBF23 /* PBXTargetDependency */ = {
			isa = PBXTargetDependency;
			target = E55D3ECA20E0332200ACBF23 /* Boaz */;
			targetProxy = E55D3EE020E0332200ACBF23 /* PBXContainerItemProxy */;
		};
		E55D3EEC20E0332200ACBF23 /* PBXTargetDependency */ = {
			isa = PBXTargetDependency;
			target = E55D3ECA20E0332200ACBF23 /* Boaz */;
			targetProxy = E55D3EEB20E0332200ACBF23 /* PBXContainerItemProxy */;
		};
/* End PBXTargetDependency section */

/* Begin PBXVariantGroup section */
		E55D3ED220E0332200ACBF23 /* Main.storyboard */ = {
			isa = PBXVariantGroup;
			children = (
				E55D3ED320E0332200ACBF23 /* Base */,
			);
			name = Main.storyboard;
			sourceTree = "<group>";
		};
		E55D3ED720E0332200ACBF23 /* LaunchScreen.storyboard */ = {
			isa = PBXVariantGroup;
			children = (
				E55D3ED820E0332200ACBF23 /* Base */,
			);
			name = LaunchScreen.storyboard;
			sourceTree = "<group>";
		};
/* End PBXVariantGroup section */

/* Begin XCBuildConfiguration section */
		E55D3EF120E0332300ACBF23 /* Debug */ = {
			isa = XCBuildConfiguration;
			buildSettings = {
				ALWAYS_SEARCH_USER_PATHS = NO;
				CLANG_ANALYZER_NONNULL = YES;
				CLANG_ANALYZER_NUMBER_OBJECT_CONVERSION = YES_AGGRESSIVE;
				CLANG_CXX_LANGUAGE_STANDARD = "gnu++14";
				CLANG_CXX_LIBRARY = "libc++";
				CLANG_ENABLE_MODULES = YES;
				CLANG_ENABLE_OBJC_ARC = YES;
				CLANG_WARN_BLOCK_CAPTURE_AUTORELEASING = YES;
				CLANG_WARN_BOOL_CONVERSION = YES;
				CLANG_WARN_COMMA = YES;
				CLANG_WARN_CONSTANT_CONVERSION = YES;
				CLANG_WARN_DIRECT_OBJC_ISA_USAGE = YES_ERROR;
				CLANG_WARN_DOCUMENTATION_COMMENTS = YES;
				CLANG_WARN_EMPTY_BODY = YES;
				CLANG_WARN_ENUM_CONVERSION = YES;
				CLANG_WARN_INFINITE_RECURSION = YES;
				CLANG_WARN_INT_CONVERSION = YES;
				CLANG_WARN_NON_LITERAL_NULL_CONVERSION = YES;
				CLANG_WARN_OBJC_LITERAL_CONVERSION = YES;
				CLANG_WARN_OBJC_ROOT_CLASS = YES_ERROR;
				CLANG_WARN_RANGE_LOOP_ANALYSIS = YES;
				CLANG_WARN_STRICT_PROTOTYPES = YES;
				CLANG_WARN_SUSPICIOUS_MOVE = YES;
				CLANG_WARN_UNGUARDED_AVAILABILITY = YES_AGGRESSIVE;
				CLANG_WARN_UNREACHABLE_CODE = YES;
				CLANG_WARN__DUPLICATE_METHOD_MATCH = YES;
				CODE_SIGN_IDENTITY = "iPhone Developer";
				COPY_PHASE_STRIP = NO;
				DEBUG_INFORMATION_FORMAT = dwarf;
				ENABLE_STRICT_OBJC_MSGSEND = YES;
				ENABLE_TESTABILITY = YES;
				GCC_C_LANGUAGE_STANDARD = gnu11;
				GCC_DYNAMIC_NO_PIC = NO;
				GCC_NO_COMMON_BLOCKS = YES;
				GCC_OPTIMIZATION_LEVEL = 0;
				GCC_PREPROCESSOR_DEFINITIONS = (
					"DEBUG=1",
					"$(inherited)",
				);
				GCC_WARN_64_TO_32_BIT_CONVERSION = YES;
				GCC_WARN_ABOUT_RETURN_TYPE = YES_ERROR;
				GCC_WARN_UNDECLARED_SELECTOR = YES;
				GCC_WARN_UNINITIALIZED_AUTOS = YES_AGGRESSIVE;
				GCC_WARN_UNUSED_FUNCTION = YES;
				GCC_WARN_UNUSED_VARIABLE = YES;
				IPHONEOS_DEPLOYMENT_TARGET = 11.2;
				MTL_ENABLE_DEBUG_INFO = YES;
				ONLY_ACTIVE_ARCH = YES;
				SDKROOT = iphoneos;
				SWIFT_ACTIVE_COMPILATION_CONDITIONS = DEBUG;
				SWIFT_OPTIMIZATION_LEVEL = "-Onone";
			};
			name = Debug;
		};
		E55D3EF220E0332300ACBF23 /* Release */ = {
			isa = XCBuildConfiguration;
			buildSettings = {
				ALWAYS_SEARCH_USER_PATHS = NO;
				CLANG_ANALYZER_NONNULL = YES;
				CLANG_ANALYZER_NUMBER_OBJECT_CONVERSION = YES_AGGRESSIVE;
				CLANG_CXX_LANGUAGE_STANDARD = "gnu++14";
				CLANG_CXX_LIBRARY = "libc++";
				CLANG_ENABLE_MODULES = YES;
				CLANG_ENABLE_OBJC_ARC = YES;
				CLANG_WARN_BLOCK_CAPTURE_AUTORELEASING = YES;
				CLANG_WARN_BOOL_CONVERSION = YES;
				CLANG_WARN_COMMA = YES;
				CLANG_WARN_CONSTANT_CONVERSION = YES;
				CLANG_WARN_DIRECT_OBJC_ISA_USAGE = YES_ERROR;
				CLANG_WARN_DOCUMENTATION_COMMENTS = YES;
				CLANG_WARN_EMPTY_BODY = YES;
				CLANG_WARN_ENUM_CONVERSION = YES;
				CLANG_WARN_INFINITE_RECURSION = YES;
				CLANG_WARN_INT_CONVERSION = YES;
				CLANG_WARN_NON_LITERAL_NULL_CONVERSION = YES;
				CLANG_WARN_OBJC_LITERAL_CONVERSION = YES;
				CLANG_WARN_OBJC_ROOT_CLASS = YES_ERROR;
				CLANG_WARN_RANGE_LOOP_ANALYSIS = YES;
				CLANG_WARN_STRICT_PROTOTYPES = YES;
				CLANG_WARN_SUSPICIOUS_MOVE = YES;
				CLANG_WARN_UNGUARDED_AVAILABILITY = YES_AGGRESSIVE;
				CLANG_WARN_UNREACHABLE_CODE = YES;
				CLANG_WARN__DUPLICATE_METHOD_MATCH = YES;
				CODE_SIGN_IDENTITY = "iPhone Developer";
				COPY_PHASE_STRIP = NO;
				DEBUG_INFORMATION_FORMAT = "dwarf-with-dsym";
				ENABLE_NS_ASSERTIONS = NO;
				ENABLE_STRICT_OBJC_MSGSEND = YES;
				GCC_C_LANGUAGE_STANDARD = gnu11;
				GCC_NO_COMMON_BLOCKS = YES;
				GCC_WARN_64_TO_32_BIT_CONVERSION = YES;
				GCC_WARN_ABOUT_RETURN_TYPE = YES_ERROR;
				GCC_WARN_UNDECLARED_SELECTOR = YES;
				GCC_WARN_UNINITIALIZED_AUTOS = YES_AGGRESSIVE;
				GCC_WARN_UNUSED_FUNCTION = YES;
				GCC_WARN_UNUSED_VARIABLE = YES;
				IPHONEOS_DEPLOYMENT_TARGET = 11.2;
				MTL_ENABLE_DEBUG_INFO = NO;
				SDKROOT = iphoneos;
				SWIFT_OPTIMIZATION_LEVEL = "-Owholemodule";
				VALIDATE_PRODUCT = YES;
			};
			name = Release;
		};
		E55D3EF420E0332300ACBF23 /* Debug */ = {
			isa = XCBuildConfiguration;
			buildSettings = {
				ASSETCATALOG_COMPILER_APPICON_NAME = AppIcon;
				CODE_SIGN_STYLE = Automatic;
				DEVELOPMENT_TEAM = YUED9C4RF4;
				INFOPLIST_FILE = Boaz/Info.plist;
				LD_RUNPATH_SEARCH_PATHS = "$(inherited) @executable_path/Frameworks";
				PRODUCT_BUNDLE_IDENTIFIER = com.cortland.Boaz;
				PRODUCT_NAME = "$(TARGET_NAME)";
				SWIFT_VERSION = 4.0;
				TARGETED_DEVICE_FAMILY = "1,2";
			};
			name = Debug;
		};
		E55D3EF520E0332300ACBF23 /* Release */ = {
			isa = XCBuildConfiguration;
			buildSettings = {
				ASSETCATALOG_COMPILER_APPICON_NAME = AppIcon;
				CODE_SIGN_STYLE = Automatic;
				DEVELOPMENT_TEAM = YUED9C4RF4;
				INFOPLIST_FILE = Boaz/Info.plist;
				LD_RUNPATH_SEARCH_PATHS = "$(inherited) @executable_path/Frameworks";
				PRODUCT_BUNDLE_IDENTIFIER = com.cortland.Boaz;
				PRODUCT_NAME = "$(TARGET_NAME)";
				SWIFT_VERSION = 4.0;
				TARGETED_DEVICE_FAMILY = "1,2";
			};
			name = Release;
		};
		E55D3EF720E0332300ACBF23 /* Debug */ = {
			isa = XCBuildConfiguration;
			buildSettings = {
				ALWAYS_EMBED_SWIFT_STANDARD_LIBRARIES = YES;
				BUNDLE_LOADER = "$(TEST_HOST)";
				CODE_SIGN_STYLE = Automatic;
				DEVELOPMENT_TEAM = YUED9C4RF4;
				INFOPLIST_FILE = BoazTests/Info.plist;
				LD_RUNPATH_SEARCH_PATHS = "$(inherited) @executable_path/Frameworks @loader_path/Frameworks";
				PRODUCT_BUNDLE_IDENTIFIER = com.cortland.BoazTests;
				PRODUCT_NAME = "$(TARGET_NAME)";
				SWIFT_VERSION = 4.0;
				TARGETED_DEVICE_FAMILY = "1,2";
				TEST_HOST = "$(BUILT_PRODUCTS_DIR)/Boaz.app/Boaz";
			};
			name = Debug;
		};
		E55D3EF820E0332300ACBF23 /* Release */ = {
			isa = XCBuildConfiguration;
			buildSettings = {
				ALWAYS_EMBED_SWIFT_STANDARD_LIBRARIES = YES;
				BUNDLE_LOADER = "$(TEST_HOST)";
				CODE_SIGN_STYLE = Automatic;
				DEVELOPMENT_TEAM = YUED9C4RF4;
				INFOPLIST_FILE = BoazTests/Info.plist;
				LD_RUNPATH_SEARCH_PATHS = "$(inherited) @executable_path/Frameworks @loader_path/Frameworks";
				PRODUCT_BUNDLE_IDENTIFIER = com.cortland.BoazTests;
				PRODUCT_NAME = "$(TARGET_NAME)";
				SWIFT_VERSION = 4.0;
				TARGETED_DEVICE_FAMILY = "1,2";
				TEST_HOST = "$(BUILT_PRODUCTS_DIR)/Boaz.app/Boaz";
			};
			name = Release;
		};
		E55D3EFA20E0332300ACBF23 /* Debug */ = {
			isa = XCBuildConfiguration;
			buildSettings = {
				ALWAYS_EMBED_SWIFT_STANDARD_LIBRARIES = YES;
				CODE_SIGN_STYLE = Automatic;
				DEVELOPMENT_TEAM = YUED9C4RF4;
				INFOPLIST_FILE = BoazUITests/Info.plist;
				LD_RUNPATH_SEARCH_PATHS = "$(inherited) @executable_path/Frameworks @loader_path/Frameworks";
				PRODUCT_BUNDLE_IDENTIFIER = com.cortland.BoazUITests;
				PRODUCT_NAME = "$(TARGET_NAME)";
				SWIFT_VERSION = 4.0;
				TARGETED_DEVICE_FAMILY = "1,2";
				TEST_TARGET_NAME = Boaz;
			};
			name = Debug;
		};
		E55D3EFB20E0332300ACBF23 /* Release */ = {
			isa = XCBuildConfiguration;
			buildSettings = {
				ALWAYS_EMBED_SWIFT_STANDARD_LIBRARIES = YES;
				CODE_SIGN_STYLE = Automatic;
				DEVELOPMENT_TEAM = YUED9C4RF4;
				INFOPLIST_FILE = BoazUITests/Info.plist;
				LD_RUNPATH_SEARCH_PATHS = "$(inherited) @executable_path/Frameworks @loader_path/Frameworks";
				PRODUCT_BUNDLE_IDENTIFIER = com.cortland.BoazUITests;
				PRODUCT_NAME = "$(TARGET_NAME)";
				SWIFT_VERSION = 4.0;
				TARGETED_DEVICE_FAMILY = "1,2";
				TEST_TARGET_NAME = Boaz;
			};
			name = Release;
		};
/* End XCBuildConfiguration section */

/* Begin XCConfigurationList section */
		E55D3EC620E0332200ACBF23 /* Build configuration list for PBXProject "Boaz" */ = {
			isa = XCConfigurationList;
			buildConfigurations = (
				E55D3EF120E0332300ACBF23 /* Debug */,
				E55D3EF220E0332300ACBF23 /* Release */,
			);
			defaultConfigurationIsVisible = 0;
			defaultConfigurationName = Release;
		};
		E55D3EF320E0332300ACBF23 /* Build configuration list for PBXNativeTarget "Boaz" */ = {
			isa = XCConfigurationList;
			buildConfigurations = (
				E55D3EF420E0332300ACBF23 /* Debug */,
				E55D3EF520E0332300ACBF23 /* Release */,
			);
			defaultConfigurationIsVisible = 0;
			defaultConfigurationName = Release;
		};
		E55D3EF620E0332300ACBF23 /* Build configuration list for PBXNativeTarget "BoazTests" */ = {
			isa = XCConfigurationList;
			buildConfigurations = (
				E55D3EF720E0332300ACBF23 /* Debug */,
				E55D3EF820E0332300ACBF23 /* Release */,
			);
			defaultConfigurationIsVisible = 0;
			defaultConfigurationName = Release;
		};
		E55D3EF920E0332300ACBF23 /* Build configuration list for PBXNativeTarget "BoazUITests" */ = {
			isa = XCConfigurationList;
			buildConfigurations = (
				E55D3EFA20E0332300ACBF23 /* Debug */,
				E55D3EFB20E0332300ACBF23 /* Release */,
			);
			defaultConfigurationIsVisible = 0;
			defaultConfigurationName = Release;
		};
/* End XCConfigurationList section */
	};
	rootObject = E55D3EC320E0332200ACBF23 /* Project object */;
}
